deadbeef.codes/steven/hyp/otphyp v0.0.0-20240407035202-7ccdf4d89fee h1:r9xdoIGPhc/tXzyOj+lCDb+ReYa/zkysqK3ZRCqpyIU=
deadbeef.codes/steven/hyp/otphyp v0.0.0-20240407035202-7ccdf4d89fee/go.mod h1:NANpGD/K+nDkW+bkomchwaXMrsXWza58+8AR7Sau3fs=
deadbeef.codes/steven/hyp/otphyp v0.0.0-20240407135923-27c2f284299f h1:M+QxtB9hQ/+9MmvPtqOvXSL+LGU/f54VlPZHsM4Knao=
deadbeef.codes/steven/hyp/otphyp v0.0.0-20240407135923-27c2f284299f/go.mod h1:NANpGD/K+nDkW+bkomchwaXMrsXWza58+8AR7Sau3fs=
